
Microsoft Visual Studio Solution File, Format Version 12.00
Project("{2150E333-8FDC-42A3-9474-1A3956D46DE8}") = "src", "src", "{AA41E0F4-09E3-471D-999A-CF9DDA50B8B4}"
EndProject
Project("{FAE04EC0-301F-11D3-BF4B-00C04F79EFBC}") = "Bootstrapper", "src\Bootstrapper\Bootstrapper.csproj", "{327E2EC3-2092-448F-A200-2249C9E79757}"
EndProject
Project("{2150E333-8FDC-42A3-9474-1A3956D46DE8}") = "tests", "tests", "{9AAB90E1-083B-44B7-9674-89DC920C6DC0}"
EndProject
Project("{2150E333-8FDC-42A3-9474-1A3956D46DE8}") = "Shared", "Shared", "{59784F39-9103-419F-8EC6-21192A79E284}"
EndProject
Project("{FAE04EC0-301F-11D3-BF4B-00C04F79EFBC}") = "SchoolOrganizer.Shared.Infrastructure", "src\Shared\SchoolOrganizer.Shared.Infrastructure\SchoolOrganizer.Shared.Infrastructure.csproj", "{D63BF778-C415-472F-8FC1-069B1D6F4CFC}"
EndProject
Project("{FAE04EC0-301F-11D3-BF4B-00C04F79EFBC}") = "SchoolOrganizer.Shared.Abstractions", "src\Shared\SchoolOrganizer.Shared.Abstractions\SchoolOrganizer.Shared.Abstractions.csproj", "{4E366AD7-B8D8-4F0F-87BD-823FBD9CF125}"
EndProject
Project("{2150E333-8FDC-42A3-9474-1A3956D46DE8}") = "Groups", "Groups", "{192CC742-92DD-4718-8084-C19A1F2BC48E}"
EndProject
Project("{FAE04EC0-301F-11D3-BF4B-00C04F79EFBC}") = "SchoolOrganizer.Groups.Api", "src\Groups\SchoolOrganizer.Groups.Api\SchoolOrganizer.Groups.Api.csproj", "{4DCA6C8E-9F0B-44D6-9205-B346B0D42B76}"
EndProject
Project("{FAE04EC0-301F-11D3-BF4B-00C04F79EFBC}") = "SchoolOrganizer.Groups.Core", "src\Groups\SchoolOrganizer.Groups.Core\SchoolOrganizer.Groups.Core.csproj", "{717F606C-2A2C-4B35-9B25-D0790271CF5C}"
EndProject
Project("{2150E333-8FDC-42A3-9474-1A3956D46DE8}") = "Users", "Users", "{FEE60E63-9E1B-44D3-A7B4-FFF6BCACB95B}"
EndProject
Project("{FAE04EC0-301F-11D3-BF4B-00C04F79EFBC}") = "SchoolOrganizer.Users.Api", "src\Users\SchoolOrganizer.Users.Api\SchoolOrganizer.Users.Api.csproj", "{5EEC6E2B-2734-48D6-8911-DA9B47E738FC}"
EndProject
Project("{FAE04EC0-301F-11D3-BF4B-00C04F79EFBC}") = "SchoolOrganizer.Users.Core", "src\Users\SchoolOrganizer.Users.Core\SchoolOrganizer.Users.Core.csproj", "{8AAB6BB8-E46B-4D42-88CB-9E3AFB6F895C}"
EndProject
Project("{2150E333-8FDC-42A3-9474-1A3956D46DE8}") = "Customers", "Customers", "{43336DAB-10DF-4F06-B06C-49A970E8124F}"
EndProject
Project("{FAE04EC0-301F-11D3-BF4B-00C04F79EFBC}") = "SchoolOrganizer.Customers.Api", "src\Customers\SchoolOrganizer.Customers.Api\SchoolOrganizer.Customers.Api.csproj", "{B26E7755-1BA8-42AE-82CB-B73E55097C97}"
EndProject
Project("{FAE04EC0-301F-11D3-BF4B-00C04F79EFBC}") = "SchoolOrganizer.Customers.Core", "src\Customers\SchoolOrganizer.Customers.Core\SchoolOrganizer.Customers.Core.csproj", "{3A1C11FD-839F-43CE-BDF8-2F7F28BEF98F}"
EndProject
Project("{FAE04EC0-301F-11D3-BF4B-00C04F79EFBC}") = "SchoolOrganizer.Customers.Domain", "src\Customers\SchoolOrganizer.Customers.Domain\SchoolOrganizer.Customers.Domain.csproj", "{74C546EF-8975-4492-87E4-7BA5B0A3C7C6}"
EndProject
Project("{FAE04EC0-301F-11D3-BF4B-00C04F79EFBC}") = "SchoolOrganizer.Customers.Infrastructure", "src\Customers\SchoolOrganizer.Customers.Infrastructure\SchoolOrganizer.Customers.Infrastructure.csproj", "{AAC65961-EC75-430F-B82E-A5D38CF778A1}"
EndProject
Project("{FAE04EC0-301F-11D3-BF4B-00C04F79EFBC}") = "SchoolOrganizer.Groups.Contracts", "src\Groups\SchoolOrganizer.Groups.Contracts\SchoolOrganizer.Groups.Contracts.csproj", "{59278A38-C6E2-4E44-801E-1C5BCE71CC08}"
EndProject
Project("{2150E333-8FDC-42A3-9474-1A3956D46DE8}") = "Companies", "Companies", "{7F8A1D4B-768C-43E7-94F6-A9B50E8B54D4}"
EndProject
Project("{FAE04EC0-301F-11D3-BF4B-00C04F79EFBC}") = "SchoolOrganizer.Companies.Api", "src\Companies\SchoolOrganizer.Companies.Api\SchoolOrganizer.Companies.Api.csproj", "{AEC500FA-40D3-4C47-A2FF-5A159105479C}"
EndProject
Project("{FAE04EC0-301F-11D3-BF4B-00C04F79EFBC}") = "SchoolOrganizer.Companies.Core", "src\Companies\SchoolOrganizer.Companies.Core\SchoolOrganizer.Companies.Core.csproj", "{CB75FAEF-13BF-4DB7-9CF8-997F940346FC}"
EndProject
Project("{FAE04EC0-301F-11D3-BF4B-00C04F79EFBC}") = "SchoolOrganizer.Companies.Contracts", "src\Companies\SchoolOrganizer.Companies.Contracts\SchoolOrganizer.Companies.Contracts.csproj", "{F349E1FB-624C-4264-B319-62A66A326220}"
EndProject
Project("{FAE04EC0-301F-11D3-BF4B-00C04F79EFBC}") = "SchoolOrganizer.Users.Contracts", "src\Users\SchoolOrganizer.Users.Contracts\SchoolOrganizer.Users.Contracts.csproj", "{4FA204C2-5486-4392-B218-4D6C572ECA69}"
EndProject
Project("{FAE04EC0-301F-11D3-BF4B-00C04F79EFBC}") = "SchoolOrganizer.Customers.Contracts", "src\Customers\SchoolOrganizer.Customers.Contracts\SchoolOrganizer.Customers.Contracts.csproj", "{7D2659B4-F168-4C2F-B01C-7F27E58A75CA}"
EndProject
Project("{2150E333-8FDC-42A3-9474-1A3956D46DE8}") = "Notifications", "Notifications", "{7958509C-EE79-4773-90CB-27ABE1510AAA}"
EndProject
Project("{FAE04EC0-301F-11D3-BF4B-00C04F79EFBC}") = "SchoolOrganizer.Notifications.Api", "src\Notifications\SchoolOrganizer.Notifications.Api\SchoolOrganizer.Notifications.Api.csproj", "{A24EB5F0-773B-4B36-8528-B1EA801AC092}"
EndProject
Project("{FAE04EC0-301F-11D3-BF4B-00C04F79EFBC}") = "SchoolOrganizer.Notifications.Core", "src\Notifications\SchoolOrganizer.Notifications.Core\SchoolOrganizer.Notifications.Core.csproj", "{5F4CD0C6-ECBC-4E37-B07B-9EF86FAD05D5}"
EndProject
Global
	GlobalSection(SolutionConfigurationPlatforms) = preSolution
		Debug|Any CPU = Debug|Any CPU
		Release|Any CPU = Release|Any CPU
	EndGlobalSection
	GlobalSection(NestedProjects) = preSolution
		{59784F39-9103-419F-8EC6-21192A79E284} = {AA41E0F4-09E3-471D-999A-CF9DDA50B8B4}
		{D63BF778-C415-472F-8FC1-069B1D6F4CFC} = {59784F39-9103-419F-8EC6-21192A79E284}
		{4E366AD7-B8D8-4F0F-87BD-823FBD9CF125} = {59784F39-9103-419F-8EC6-21192A79E284}
		{192CC742-92DD-4718-8084-C19A1F2BC48E} = {AA41E0F4-09E3-471D-999A-CF9DDA50B8B4}
		{4DCA6C8E-9F0B-44D6-9205-B346B0D42B76} = {192CC742-92DD-4718-8084-C19A1F2BC48E}
		{327E2EC3-2092-448F-A200-2249C9E79757} = {AA41E0F4-09E3-471D-999A-CF9DDA50B8B4}
		{717F606C-2A2C-4B35-9B25-D0790271CF5C} = {192CC742-92DD-4718-8084-C19A1F2BC48E}
		{FEE60E63-9E1B-44D3-A7B4-FFF6BCACB95B} = {AA41E0F4-09E3-471D-999A-CF9DDA50B8B4}
		{5EEC6E2B-2734-48D6-8911-DA9B47E738FC} = {FEE60E63-9E1B-44D3-A7B4-FFF6BCACB95B}
		{8AAB6BB8-E46B-4D42-88CB-9E3AFB6F895C} = {FEE60E63-9E1B-44D3-A7B4-FFF6BCACB95B}
		{43336DAB-10DF-4F06-B06C-49A970E8124F} = {AA41E0F4-09E3-471D-999A-CF9DDA50B8B4}
		{B26E7755-1BA8-42AE-82CB-B73E55097C97} = {43336DAB-10DF-4F06-B06C-49A970E8124F}
		{3A1C11FD-839F-43CE-BDF8-2F7F28BEF98F} = {43336DAB-10DF-4F06-B06C-49A970E8124F}
		{74C546EF-8975-4492-87E4-7BA5B0A3C7C6} = {43336DAB-10DF-4F06-B06C-49A970E8124F}
		{AAC65961-EC75-430F-B82E-A5D38CF778A1} = {43336DAB-10DF-4F06-B06C-49A970E8124F}
		{59278A38-C6E2-4E44-801E-1C5BCE71CC08} = {192CC742-92DD-4718-8084-C19A1F2BC48E}
		{7F8A1D4B-768C-43E7-94F6-A9B50E8B54D4} = {AA41E0F4-09E3-471D-999A-CF9DDA50B8B4}
		{AEC500FA-40D3-4C47-A2FF-5A159105479C} = {7F8A1D4B-768C-43E7-94F6-A9B50E8B54D4}
		{CB75FAEF-13BF-4DB7-9CF8-997F940346FC} = {7F8A1D4B-768C-43E7-94F6-A9B50E8B54D4}
		{F349E1FB-624C-4264-B319-62A66A326220} = {7F8A1D4B-768C-43E7-94F6-A9B50E8B54D4}
		{4FA204C2-5486-4392-B218-4D6C572ECA69} = {FEE60E63-9E1B-44D3-A7B4-FFF6BCACB95B}
		{7D2659B4-F168-4C2F-B01C-7F27E58A75CA} = {43336DAB-10DF-4F06-B06C-49A970E8124F}
		{7958509C-EE79-4773-90CB-27ABE1510AAA} = {AA41E0F4-09E3-471D-999A-CF9DDA50B8B4}
		{A24EB5F0-773B-4B36-8528-B1EA801AC092} = {7958509C-EE79-4773-90CB-27ABE1510AAA}
		{5F4CD0C6-ECBC-4E37-B07B-9EF86FAD05D5} = {7958509C-EE79-4773-90CB-27ABE1510AAA}
	EndGlobalSection
	GlobalSection(ProjectConfigurationPlatforms) = postSolution
		{327E2EC3-2092-448F-A200-2249C9E79757}.Debug|Any CPU.ActiveCfg = Debug|Any CPU
		{327E2EC3-2092-448F-A200-2249C9E79757}.Debug|Any CPU.Build.0 = Debug|Any CPU
		{327E2EC3-2092-448F-A200-2249C9E79757}.Release|Any CPU.ActiveCfg = Release|Any CPU
		{327E2EC3-2092-448F-A200-2249C9E79757}.Release|Any CPU.Build.0 = Release|Any CPU
		{D63BF778-C415-472F-8FC1-069B1D6F4CFC}.Debug|Any CPU.ActiveCfg = Debug|Any CPU
		{D63BF778-C415-472F-8FC1-069B1D6F4CFC}.Debug|Any CPU.Build.0 = Debug|Any CPU
		{D63BF778-C415-472F-8FC1-069B1D6F4CFC}.Release|Any CPU.ActiveCfg = Release|Any CPU
		{D63BF778-C415-472F-8FC1-069B1D6F4CFC}.Release|Any CPU.Build.0 = Release|Any CPU
		{4E366AD7-B8D8-4F0F-87BD-823FBD9CF125}.Debug|Any CPU.ActiveCfg = Debug|Any CPU
		{4E366AD7-B8D8-4F0F-87BD-823FBD9CF125}.Debug|Any CPU.Build.0 = Debug|Any CPU
		{4E366AD7-B8D8-4F0F-87BD-823FBD9CF125}.Release|Any CPU.ActiveCfg = Release|Any CPU
		{4E366AD7-B8D8-4F0F-87BD-823FBD9CF125}.Release|Any CPU.Build.0 = Release|Any CPU
		{4DCA6C8E-9F0B-44D6-9205-B346B0D42B76}.Debug|Any CPU.ActiveCfg = Debug|Any CPU
		{4DCA6C8E-9F0B-44D6-9205-B346B0D42B76}.Debug|Any CPU.Build.0 = Debug|Any CPU
		{4DCA6C8E-9F0B-44D6-9205-B346B0D42B76}.Release|Any CPU.ActiveCfg = Release|Any CPU
		{4DCA6C8E-9F0B-44D6-9205-B346B0D42B76}.Release|Any CPU.Build.0 = Release|Any CPU
		{717F606C-2A2C-4B35-9B25-D0790271CF5C}.Debug|Any CPU.ActiveCfg = Debug|Any CPU
		{717F606C-2A2C-4B35-9B25-D0790271CF5C}.Debug|Any CPU.Build.0 = Debug|Any CPU
		{717F606C-2A2C-4B35-9B25-D0790271CF5C}.Release|Any CPU.ActiveCfg = Release|Any CPU
		{717F606C-2A2C-4B35-9B25-D0790271CF5C}.Release|Any CPU.Build.0 = Release|Any CPU
		{5EEC6E2B-2734-48D6-8911-DA9B47E738FC}.Debug|Any CPU.ActiveCfg = Debug|Any CPU
		{5EEC6E2B-2734-48D6-8911-DA9B47E738FC}.Debug|Any CPU.Build.0 = Debug|Any CPU
		{5EEC6E2B-2734-48D6-8911-DA9B47E738FC}.Release|Any CPU.ActiveCfg = Release|Any CPU
		{5EEC6E2B-2734-48D6-8911-DA9B47E738FC}.Release|Any CPU.Build.0 = Release|Any CPU
		{8AAB6BB8-E46B-4D42-88CB-9E3AFB6F895C}.Debug|Any CPU.ActiveCfg = Debug|Any CPU
		{8AAB6BB8-E46B-4D42-88CB-9E3AFB6F895C}.Debug|Any CPU.Build.0 = Debug|Any CPU
		{8AAB6BB8-E46B-4D42-88CB-9E3AFB6F895C}.Release|Any CPU.ActiveCfg = Release|Any CPU
		{8AAB6BB8-E46B-4D42-88CB-9E3AFB6F895C}.Release|Any CPU.Build.0 = Release|Any CPU
		{B26E7755-1BA8-42AE-82CB-B73E55097C97}.Debug|Any CPU.ActiveCfg = Debug|Any CPU
		{B26E7755-1BA8-42AE-82CB-B73E55097C97}.Debug|Any CPU.Build.0 = Debug|Any CPU
		{B26E7755-1BA8-42AE-82CB-B73E55097C97}.Release|Any CPU.ActiveCfg = Release|Any CPU
		{B26E7755-1BA8-42AE-82CB-B73E55097C97}.Release|Any CPU.Build.0 = Release|Any CPU
		{3A1C11FD-839F-43CE-BDF8-2F7F28BEF98F}.Debug|Any CPU.ActiveCfg = Debug|Any CPU
		{3A1C11FD-839F-43CE-BDF8-2F7F28BEF98F}.Debug|Any CPU.Build.0 = Debug|Any CPU
		{3A1C11FD-839F-43CE-BDF8-2F7F28BEF98F}.Release|Any CPU.ActiveCfg = Release|Any CPU
		{3A1C11FD-839F-43CE-BDF8-2F7F28BEF98F}.Release|Any CPU.Build.0 = Release|Any CPU
		{74C546EF-8975-4492-87E4-7BA5B0A3C7C6}.Debug|Any CPU.ActiveCfg = Debug|Any CPU
		{74C546EF-8975-4492-87E4-7BA5B0A3C7C6}.Debug|Any CPU.Build.0 = Debug|Any CPU
		{74C546EF-8975-4492-87E4-7BA5B0A3C7C6}.Release|Any CPU.ActiveCfg = Release|Any CPU
		{74C546EF-8975-4492-87E4-7BA5B0A3C7C6}.Release|Any CPU.Build.0 = Release|Any CPU
		{AAC65961-EC75-430F-B82E-A5D38CF778A1}.Debug|Any CPU.ActiveCfg = Debug|Any CPU
		{AAC65961-EC75-430F-B82E-A5D38CF778A1}.Debug|Any CPU.Build.0 = Debug|Any CPU
		{AAC65961-EC75-430F-B82E-A5D38CF778A1}.Release|Any CPU.ActiveCfg = Release|Any CPU
		{AAC65961-EC75-430F-B82E-A5D38CF778A1}.Release|Any CPU.Build.0 = Release|Any CPU
		{59278A38-C6E2-4E44-801E-1C5BCE71CC08}.Debug|Any CPU.ActiveCfg = Debug|Any CPU
		{59278A38-C6E2-4E44-801E-1C5BCE71CC08}.Debug|Any CPU.Build.0 = Debug|Any CPU
		{59278A38-C6E2-4E44-801E-1C5BCE71CC08}.Release|Any CPU.ActiveCfg = Release|Any CPU
		{59278A38-C6E2-4E44-801E-1C5BCE71CC08}.Release|Any CPU.Build.0 = Release|Any CPU
		{AEC500FA-40D3-4C47-A2FF-5A159105479C}.Debug|Any CPU.ActiveCfg = Debug|Any CPU
		{AEC500FA-40D3-4C47-A2FF-5A159105479C}.Debug|Any CPU.Build.0 = Debug|Any CPU
		{AEC500FA-40D3-4C47-A2FF-5A159105479C}.Release|Any CPU.ActiveCfg = Release|Any CPU
		{AEC500FA-40D3-4C47-A2FF-5A159105479C}.Release|Any CPU.Build.0 = Release|Any CPU
		{CB75FAEF-13BF-4DB7-9CF8-997F940346FC}.Debug|Any CPU.ActiveCfg = Debug|Any CPU
		{CB75FAEF-13BF-4DB7-9CF8-997F940346FC}.Debug|Any CPU.Build.0 = Debug|Any CPU
		{CB75FAEF-13BF-4DB7-9CF8-997F940346FC}.Release|Any CPU.ActiveCfg = Release|Any CPU
		{CB75FAEF-13BF-4DB7-9CF8-997F940346FC}.Release|Any CPU.Build.0 = Release|Any CPU
		{F349E1FB-624C-4264-B319-62A66A326220}.Debug|Any CPU.ActiveCfg = Debug|Any CPU
		{F349E1FB-624C-4264-B319-62A66A326220}.Debug|Any CPU.Build.0 = Debug|Any CPU
		{F349E1FB-624C-4264-B319-62A66A326220}.Release|Any CPU.ActiveCfg = Release|Any CPU
		{F349E1FB-624C-4264-B319-62A66A326220}.Release|Any CPU.Build.0 = Release|Any CPU
		{4FA204C2-5486-4392-B218-4D6C572ECA69}.Debug|Any CPU.ActiveCfg = Debug|Any CPU
		{4FA204C2-5486-4392-B218-4D6C572ECA69}.Debug|Any CPU.Build.0 = Debug|Any CPU
		{4FA204C2-5486-4392-B218-4D6C572ECA69}.Release|Any CPU.ActiveCfg = Release|Any CPU
		{4FA204C2-5486-4392-B218-4D6C572ECA69}.Release|Any CPU.Build.0 = Release|Any CPU
		{7D2659B4-F168-4C2F-B01C-7F27E58A75CA}.Debug|Any CPU.ActiveCfg = Debug|Any CPU
		{7D2659B4-F168-4C2F-B01C-7F27E58A75CA}.Debug|Any CPU.Build.0 = Debug|Any CPU
		{7D2659B4-F168-4C2F-B01C-7F27E58A75CA}.Release|Any CPU.ActiveCfg = Release|Any CPU
		{7D2659B4-F168-4C2F-B01C-7F27E58A75CA}.Release|Any CPU.Build.0 = Release|Any CPU
		{A24EB5F0-773B-4B36-8528-B1EA801AC092}.Debug|Any CPU.ActiveCfg = Debug|Any CPU
		{A24EB5F0-773B-4B36-8528-B1EA801AC092}.Debug|Any CPU.Build.0 = Debug|Any CPU
		{A24EB5F0-773B-4B36-8528-B1EA801AC092}.Release|Any CPU.ActiveCfg = Release|Any CPU
		{A24EB5F0-773B-4B36-8528-B1EA801AC092}.Release|Any CPU.Build.0 = Release|Any CPU
		{5F4CD0C6-ECBC-4E37-B07B-9EF86FAD05D5}.Debug|Any CPU.ActiveCfg = Debug|Any CPU
		{5F4CD0C6-ECBC-4E37-B07B-9EF86FAD05D5}.Debug|Any CPU.Build.0 = Debug|Any CPU
		{5F4CD0C6-ECBC-4E37-B07B-9EF86FAD05D5}.Release|Any CPU.ActiveCfg = Release|Any CPU
		{5F4CD0C6-ECBC-4E37-B07B-9EF86FAD05D5}.Release|Any CPU.Build.0 = Release|Any CPU
	EndGlobalSection
EndGlobal
